
Microsoft Visual Studio Solution File, Format Version 12.00
# Visual Studio Version 17
VisualStudioVersion = 17.9.34701.34
MinimumVisualStudioVersion = 10.0.40219.1
Project("{8BC9CEB8-8B4A-11D0-8D11-00A0C91BC942}") = "P010 Condicionales", "P010 Condicionales.vcxproj", "{BE57C2B0-4765-4B06-A795-408254FA14DD}"
EndProject
Global
	GlobalSection(SolutionConfigurationPlatforms) = preSolution
		Debug|x64 = Debug|x64
		Debug|x86 = Debug|x86
		Release|x64 = Release|x64
		Release|x86 = Release|x86
	EndGlobalSection
	GlobalSection(ProjectConfigurationPlatforms) = postSolution
		{BE57C2B0-4765-4B06-A795-408254FA14DD}.Debug|x64.ActiveCfg = Debug|x64
		{BE57C2B0-4765-4B06-A795-408254FA14DD}.Debug|x64.Build.0 = Debug|x64
		{BE57C2B0-4765-4B06-A795-408254FA14DD}.Debug|x86.ActiveCfg = Debug|Win32
		{BE57C2B0-4765-4B06-A795-408254FA14DD}.Debug|x86.Build.0 = Debug|Win32
		{BE57C2B0-4765-4B06-A795-408254FA14DD}.Release|x64.ActiveCfg = Release|x64
		{BE57C2B0-4765-4B06-A795-408254FA14DD}.Release|x64.Build.0 = Release|x64
		{BE57C2B0-4765-4B06-A795-408254FA14DD}.Release|x86.ActiveCfg = Release|Win32
		{BE57C2B0-4765-4B06-A795-408254FA14DD}.Release|x86.Build.0 = Release|Win32
	EndGlobalSection
	GlobalSection(SolutionProperties) = preSolution
		HideSolutionNode = FALSE
	EndGlobalSection
	GlobalSection(ExtensibilityGlobals) = postSolution
		SolutionGuid = {30983309-0794-4FF6-9855-5D5F16E1A9CF}
	EndGlobalSection
EndGlobal
